
Microsoft Visual Studio Solution File, Format Version 12.00
# Visual Studio Version 17
VisualStudioVersion = 17.4.33603.86
MinimumVisualStudioVersion = 10.0.40219.1
Project("{FAE04EC0-301F-11D3-BF4B-00C04F79EFBC}") = "ApiGiecom", "ApiGiecom\ApiGiecom.csproj", "{EC874603-A488-4FEC-8940-7CDD8EA66117}"
EndProject
Global
	GlobalSection(SolutionConfigurationPlatforms) = preSolution
		Debug|Any CPU = Debug|Any CPU
		Release|Any CPU = Release|Any CPU
	EndGlobalSection
	GlobalSection(ProjectConfigurationPlatforms) = postSolution
		{EC874603-A488-4FEC-8940-7CDD8EA66117}.Debug|Any CPU.ActiveCfg = Debug|Any CPU
		{EC874603-A488-4FEC-8940-7CDD8EA66117}.Debug|Any CPU.Build.0 = Debug|Any CPU
		{EC874603-A488-4FEC-8940-7CDD8EA66117}.Release|Any CPU.ActiveCfg = Release|Any CPU
		{EC874603-A488-4FEC-8940-7CDD8EA66117}.Release|Any CPU.Build.0 = Release|Any CPU
	EndGlobalSection
	GlobalSection(SolutionProperties) = preSolution
		HideSolutionNode = FALSE
	EndGlobalSection
	GlobalSection(ExtensibilityGlobals) = postSolution
		SolutionGuid = {8E631266-DEC1-4FF0-AFB1-E4267BE4628E}
	EndGlobalSection
EndGlobal
